
Microsoft Visual Studio Solution File, Format Version 12.00
# Visual Studio Version 16
VisualStudioVersion = 16.0.28922.388
MinimumVisualStudioVersion = 10.0.40219.1
Project("{FAE04EC0-301F-11D3-BF4B-00C04F79EFBC}") = "HM_WcfService", "WcfServiceHM\HM_WcfService.csproj", "{DE4CC960-C2CA-4049-A977-39916AE74C20}"
EndProject
Project("{FAE04EC0-301F-11D3-BF4B-00C04F79EFBC}") = "HM_Entities", "HM-Entities\HM_Entities.csproj", "{34AC6686-7FE5-4E83-AA56-7A07689254FE}"
EndProject
Project("{FAE04EC0-301F-11D3-BF4B-00C04F79EFBC}") = "HM_DataLayer", "HM_DataLayer\HM_DataLayer.csproj", "{06417ABB-1022-42DE-BD6D-A1C411AE18D6}"
EndProject
Project("{FAE04EC0-301F-11D3-BF4B-00C04F79EFBC}") = "HM_BusinessLogic", "HM_BusinessLogic\HM_BusinessLogic.csproj", "{2A19FB40-D15D-4F9D-99FD-4E4F66EC3DC9}"
EndProject
Global
	GlobalSection(SolutionConfigurationPlatforms) = preSolution
		Debug|Any CPU = Debug|Any CPU
		Release|Any CPU = Release|Any CPU
	EndGlobalSection
	GlobalSection(ProjectConfigurationPlatforms) = postSolution
		{DE4CC960-C2CA-4049-A977-39916AE74C20}.Debug|Any CPU.ActiveCfg = Debug|Any CPU
		{DE4CC960-C2CA-4049-A977-39916AE74C20}.Debug|Any CPU.Build.0 = Debug|Any CPU
		{DE4CC960-C2CA-4049-A977-39916AE74C20}.Release|Any CPU.ActiveCfg = Release|Any CPU
		{DE4CC960-C2CA-4049-A977-39916AE74C20}.Release|Any CPU.Build.0 = Release|Any CPU
		{34AC6686-7FE5-4E83-AA56-7A07689254FE}.Debug|Any CPU.ActiveCfg = Debug|Any CPU
		{34AC6686-7FE5-4E83-AA56-7A07689254FE}.Debug|Any CPU.Build.0 = Debug|Any CPU
		{34AC6686-7FE5-4E83-AA56-7A07689254FE}.Release|Any CPU.ActiveCfg = Release|Any CPU
		{34AC6686-7FE5-4E83-AA56-7A07689254FE}.Release|Any CPU.Build.0 = Release|Any CPU
		{06417ABB-1022-42DE-BD6D-A1C411AE18D6}.Debug|Any CPU.ActiveCfg = Debug|Any CPU
		{06417ABB-1022-42DE-BD6D-A1C411AE18D6}.Debug|Any CPU.Build.0 = Debug|Any CPU
		{06417ABB-1022-42DE-BD6D-A1C411AE18D6}.Release|Any CPU.ActiveCfg = Release|Any CPU
		{06417ABB-1022-42DE-BD6D-A1C411AE18D6}.Release|Any CPU.Build.0 = Release|Any CPU
		{2A19FB40-D15D-4F9D-99FD-4E4F66EC3DC9}.Debug|Any CPU.ActiveCfg = Debug|Any CPU
		{2A19FB40-D15D-4F9D-99FD-4E4F66EC3DC9}.Debug|Any CPU.Build.0 = Debug|Any CPU
		{2A19FB40-D15D-4F9D-99FD-4E4F66EC3DC9}.Release|Any CPU.ActiveCfg = Release|Any CPU
		{2A19FB40-D15D-4F9D-99FD-4E4F66EC3DC9}.Release|Any CPU.Build.0 = Release|Any CPU
	EndGlobalSection
	GlobalSection(SolutionProperties) = preSolution
		HideSolutionNode = FALSE
	EndGlobalSection
	GlobalSection(ExtensibilityGlobals) = postSolution
		SolutionGuid = {CADD242C-DFB6-4172-B152-106D1E08BC34}
	EndGlobalSection
EndGlobal
